{
    "_meta": {
        "hash": {
            "sha256": "09710257fa851ac4fe53e8498ca096379a3a0d11347d55efde634e1865d4f858"
        },
        "host-environment-markers": {
            "implementation_name": "cpython",
            "implementation_version": "0",
            "os_name": "posix",
            "platform_machine": "aarch64",
            "platform_python_implementation": "CPython",
            "platform_release": "4.1.18-g09ffadf-dirty",
            "platform_system": "Linux",
            "platform_version": "#1 SMP PREEMPT Wed Sep 13 07:15:08 CST 2017",
            "python_full_version": "2.7.14",
            "python_version": "2.7",
            "sys_platform": "linux2"
        },
        "pipfile-spec": 6,
        "requires": {
            "python_version": "2.7"
        },
        "sources": [
            {
                "url": "https://pypi.python.org/simple",
                "verify_ssl": true
            }
        ]
    },
    "default": {
        "asn1crypto": {
            "hashes": [
                "sha256:654b7db3b120e23474e9a1e5e38d268c77e58a9e17d2cb595456c37309846494",
                "sha256:0874981329cfebb366d6584c3d16e913f2a0eb026c9463efcc4aaf42a9d94d70"
            ],
            "version": "==0.23.0"
        },
        "babel": {
            "hashes": [
                "sha256:f20b2acd44f587988ff185d8949c3e208b4b3d5d20fcab7d91fe481ffa435528",
                "sha256:6007daf714d0cd5524bbe436e2d42b3c20e68da66289559341e48d2cd6d25811"
            ],
            "version": "==2.5.1"
        },
        "certifi": {
            "hashes": [
                "sha256:54a07c09c586b0e4c619f02a5e94e36619da8e2b053e20f594348c0611803704",
                "sha256:40523d2efb60523e113b44602298f0960e900388cf3bb6043f645cf57ea9e3f5"
            ],
            "version": "==2017.7.27.1"
        },
        "cffi": {
            "hashes": [
                "sha256:2c707e97ad7b0417713543be7cb87315c015bb5dd97903480168d60ebe3e313e",
                "sha256:6d8c7e20eb90be9e1ccce8e8dd4ee5163b37289fc5708f9eeafc00adc07ba891",
                "sha256:627298d788edcb317b6a01347428501e773f5e8f2988407231c07e50e3f6c1cf",
                "sha256:bdd28cf8302eeca1b4c70ec727de384d4f6ea640b0e698934fd9b4c3bc88eeb1",
                "sha256:248198cb714fe09f5c60b6acba3675d52199c6142641536796cdf89dd45e5590",
                "sha256:c962cb68987cbfb70b034f153bfa467c615c0b55305d39b3237c4bdbdbc8b0f4",
                "sha256:401ba2f6c1f1672b6c38670e1c00fa5f84f841edd30c32742dab5c7151cd89bf",
                "sha256:1c103c0ee8235c47c4892288b2287014f33e7cb24b9d4a665be3aa744377dcb9",
                "sha256:d7461ef8671ae40f991384bbc4a6b1b79f4e7175d8052584be44041996f46517",
                "sha256:3ac9be5763238da1d6fa467c43e3f86472626837a478588c94165df09e62e120",
                "sha256:d54a7c37f954fdbb971873c935a77ddc33690cec9b7ac254d9f948c43c32fa83",
                "sha256:4d9bf1b23896bcd4d042e823f50ad36fb6d8e1e645a3dfb2fe2f070851489b92",
                "sha256:61cf049b1c649d8eec360a1a1d09a61c37b9b2d542364506e8feb4afd232363d",
                "sha256:ce3da410ae2ab8709565cc3b18fbe9a0eb96ea7b2189416098c48d839ecced84",
                "sha256:e72d8b5056f967ecb57e166537408bc913f2f97dc568027fb6342fcfa9f81d64",
                "sha256:11a8ba88ef6ae89110ef029dae7f1a293365e50bdd0c6ca973beed80cec95ae4",
                "sha256:974f69112721ba2e8a6acd0f6b68a5e11432710a3eca4e4e6f4d7aaf99214ed1",
                "sha256:062c66dabc3faf8e0db1ca09a6b8e308846e5d35f43bed1a68c492b0d96ac171",
                "sha256:03a9b9efc280dbe6be149a7fa689f59a822df009eee633fdaf55a6f38795861f",
                "sha256:8b3d6dc9981cedfb1ddcd4600ec0c7f5ac2c6ad2dc482011c7eecb4ae9c819e0",
                "sha256:09b7d195d163b515ef7c2b2e26a689c9816c83d5319cceac6c36ffdab97ab048",
                "sha256:943b94667749d1cfcd964e215a20b9c891deae913202ee8eacaf2b94164b155f",
                "sha256:89829f5cfbcb5ad568a3d61bd23a8e33ad69b488d8f6a385e0097a4c20742a9b",
                "sha256:ba78da7c940b041cdbb5aaff5afe11e8a8f25fe19564c12eefea5c5bd86930ca",
                "sha256:a79b15b9bb4726672865cf5b0f63dee4835974a2b11b49652d70d49003f5d1f4",
                "sha256:f6799913eb510b682de971ddef062bbb4a200f190e55cae81c413bc1fd4733c1",
                "sha256:e7f5ad6b12f21b77d3a37d5c67260e464f4e9068eb0c0622f61d0e30390b31b6",
                "sha256:5f96c92d5f5713ccb71e76dfa14cf819c59ecb9778e94bcb541e13e6d96d1ce5",
                "sha256:5357b465e3d6b98972b7810f9969c913d365e75b09b7ba813f5f0577fe1ac9f4",
                "sha256:75e1de9ba7c155d89bcf67d149b1c741df553c8158536e8d27e63167403159af",
                "sha256:ab87dd91c0c4073758d07334c1e5f712ce8fe48f007b86f8238773963ee700a6"
            ],
            "version": "==1.11.2"
        },
        "chardet": {
            "hashes": [
                "sha256:fc323ffcaeaed0e0a02bf4d117757b98aed530d9ed4531e3e15460124c106691",
                "sha256:84ab92ed1c4d4f16916e05906b6b75a6c0fb5db821cc65e70cbd64a3e2a5eaae"
            ],
            "version": "==3.0.4"
        },
        "click": {
            "hashes": [
                "sha256:29f99fc6125fbc931b758dc053b3114e55c77a6e4c6c3a2674a2dc986016381d",
                "sha256:f15516df478d5a56180fbf80e68f206010e6d160fc39fa508b65e035fd75130b"
            ],
            "version": "==6.7"
        },
        "cryptography": {
            "hashes": [
                "sha256:4d9223a76e1064220e8f2a67a7cf5835f3650f3d6bca6d2df3f51bc3541a91b4",
                "sha256:407b5716a7b6f56a534e327d4daab6d958c993fcae9de7b391b4111dae7df81f",
                "sha256:982e53d8057f800e610ff7fb54ca78d2fafe5f9564dfa784971828cc9973330a",
                "sha256:f86b60f952aa9447e492f15c418ff7da6e863270afb67e817d268076bf187115",
                "sha256:7241a25e44592d46d80c50878c09659a118c29a88b62f4e42d25be387dd4cca1",
                "sha256:7cf2e5589fd96151479b51145a0f6c35d9a067dfaddedc2b22645a01c0556cb1",
                "sha256:066f10b5c578f634b8018686ac143a45c31367f28221455b89e33e89e2b08229",
                "sha256:d06982b636fc7c1ccbc5f1bfc9f832a0aeaa255d9dc991049e161157d7206c25",
                "sha256:a481305ad61e0df657482f44d228e965c6dc9c828d3b9549ee4b56f653a7eafe",
                "sha256:71d63ffeb8af430934b3df6492826c27ad8af9a6ce7d3193bf91f28610621b14",
                "sha256:05cfb7dd9d885e635714d610f1b45abf4832007d48d01312c5dbdf664e33f5f7",
                "sha256:d8923f90a6957c4bd65e8aa3ee29b372ee2b38bf67eeaa8b78005d51c703d5b1",
                "sha256:1f17b32fd4873b59b33c05ad238584fc83ee43cc019c64fa2101e7b3fa6333bd",
                "sha256:111b66fb69b087c3a982152604a20c577316734c4f48fc39e70cc924d1f6c927",
                "sha256:4008b97d7144ceffd8e4079c52228f3624bcc7fc453cec748134f739981b4a18",
                "sha256:1bebc3123deedd5f9dd4ad5223dc54e4ad95fa54ce22c41b86b8d239bca5fb19",
                "sha256:36b731ed87ab744cadd0f3eeef40ce5bc7cbb5cdd743f0f689e4cc8ad0c227fe",
                "sha256:c797bdc4c91a930d3e7f464d68017b6f5251539f107379277a9b023521f9fe7d",
                "sha256:6d4a2a22b4d48b235c0986c9f5c54477bbd5849ca190771ea115dce33e573d65",
                "sha256:13138c71b5111f3d0c17843865f66c75ef4875e1568229ddfd9e94f96e5624a2",
                "sha256:6b15fcdbdca8dd082edbbc69f144e6fc5e663771f1ed5452ab04de4bb774cb14",
                "sha256:f3d41cfc5b85cfdeb9cf1f1043c2f32043815c6b97db1c940e4e3c9d0a8ec821",
                "sha256:c50481c2645c8dc579119ce768d82cb3022e8e8b4f39abb4946322fed753bf2e",
                "sha256:362672bc69fd70e5429a31a10ec295de4e4cb5cf81384427821549b68861d7c5",
                "sha256:8675fd29f0ef468ed87c62a00672b68f9f847126ed6ab0e4d238e9e9b030cedd",
                "sha256:bc2eccac62239e8b67987ae4c2a12976da09a6e26366f187749a444cb83a3e3d",
                "sha256:2699ed21e1f73dd1bdb7b0b22a517295de07809d535b23e200dd22166037fe6f"
            ],
            "version": "==2.1.1"
        },
        "flask": {
            "hashes": [
                "sha256:0749df235e3ff61ac108f69ac178c9770caeaccad2509cb762ce1f65570a8856",
                "sha256:49f44461237b69ecd901cc7ce66feea0319b9158743dd27a2899962ab214dac1"
            ],
            "version": "==0.12.2"
        },
        "flask-babel": {
            "hashes": [
                "sha256:462a3c599b0ccf426ca1757cc612f1db383844efd346d14170da04c8c76dd521",
                "sha256:c0d75710bd4b0fe866f9f2347de6e19208712f9cec006436b4c1c15d4cb0c939"
            ],
            "version": "==0.11.2"
        },
        "gunicorn": {
            "hashes": [
                "sha256:75af03c99389535f218cc596c7de74df4763803f7b63eb09d77e92b3956b36c6",
                "sha256:eee1169f0ca667be05db3351a0960765620dad53f53434262ff8901b68a1b622"
            ],
            "version": "==19.7.1"
        },
        "idna": {
            "hashes": [
                "sha256:8c7309c718f94b3a625cb648ace320157ad16ff131ae0af362c9f21b80ef6ec4",
                "sha256:2c6a5de3089009e3da7c5dde64a141dbc8551d5b7f6cf4ed7c2568d0cc520a8f"
            ],
            "version": "==2.6"
        },
        "itsdangerous": {
            "hashes": [
                "sha256:cbb3fcf8d3e33df861709ecaf89d9e6629cff0a217bc2848f1b41cd30d360519"
            ],
            "version": "==0.24"
        },
        "jinja2": {
            "hashes": [
                "sha256:2231bace0dfd8d2bf1e5d7e41239c06c9e0ded46e70cc1094a0aa64b0afeb054",
                "sha256:ddaa01a212cd6d641401cb01b605f4a4d9f37bfc93043d7f760ec70fb99ff9ff"
            ],
            "version": "==2.9.6"
        },
        "lxml": {
            "hashes": [
                "sha256:7a8715539adb41c78129983ba69d852e0102a3f51d559eeb91dce1f6290c4ad0",
                "sha256:d3a98dda9831a37ef7f55c5e69c0d276c278f24978f5b36b9fad7eac05a22bfc",
                "sha256:1deacd52638da2d7fcb864c3949f0285638ec10e6aace93ce15c6a2e0ed91b95",
                "sha256:1548247ea3b50014a3ea55ad9446108df191b6a6e51aa8f5953c95b663f382ff",
                "sha256:5da6f5b31ea2b573cb20e88aefc6b49d849d07588ba60871342cae42f569b0d7",
                "sha256:12e348eb57fb79ccf91a49b7b937c49a5bbe1d73ba75589674b76a56d064bda0",
                "sha256:b9e1735918fc1e83c522b9f1048e6bc5af38af958e4efc843046e4b0075a021b",
                "sha256:fafeb4b190bd63ba2bcee2496d99cb7345fafbace6b999403010abdff8c05b72",
                "sha256:9007da6fb1b96fb1c9d7bd65e97bbbad60295abc19833d7e67e05314c1868f58",
                "sha256:cfbf0b956f33cda3af2a1438a2541549b69a7a240e71de7d8ca819b8f1547aac",
                "sha256:0a103253a94cdad86028d273aaebb8b30c75fdf009c23e52cdc8ce88429fd326",
                "sha256:b3d5a0ecf0c2c31c404246b6706b2e477159ee07b73be5102389ab250dd67701",
                "sha256:e92af0fd08c7d2176ad4be4a7c47fd800d6ee05046b41e36ed579c01fb106c25",
                "sha256:feb2144c2ae4035ad57165dd22bdc93b1389158a985c0497a096d39e2b2cd67b",
                "sha256:a4433655219b84a360dbdf2c34d9625c3988a272e6fc028222d528ad5902f6a2",
                "sha256:db98287cb1488eb103930a64444542f6ffe83694ef392f801aa56d648d905663",
                "sha256:307d325ee143b60b9c82912e96e9f4345200c33c8ae00b04b001e4c85fb5f146",
                "sha256:5caec9b174dbf927034d588669c62d2a9d0ce447365b20a3463f4daab1e4f03b",
                "sha256:fb816595494ce21191764572215f56edfbc6d9fbebd1491c8466502892989689",
                "sha256:10399bececdb67f0d9251ecf2dda2abf6ddeee6096741754356f1a3715c8c830",
                "sha256:c263fd15d27f3be93485fcd83a495cbbc35352512d9e31644d49a54504a1be2a",
                "sha256:c10ad53216d5af2b3ba63e65db793cb7dd7e598e17826938045e32f38b0e4814",
                "sha256:d42a5182d4b0953d02e5f46c9f0dc304be736fbaa1c0d2f11326182b9684b5f4",
                "sha256:dd7c22bf890d266e72c5e5c8c44555ffbfe4ca2a329da785e7d8b1972fc3ff74",
                "sha256:93df9805146980e83834ea9320baa6a56d8aea45f63d7d3cc721f71eb1a1bac6",
                "sha256:7ba1b62fe9414d73d493241011df952b72074808debc3a2d6d8a64fb9944edf6",
                "sha256:d2c121f5f77bed1e1eddeee23ee76fee8a3d48fa7a3aab589d12942f87778a9e",
                "sha256:be3aaeb5f468a49f523f16736ccff7d82af2b4b303292ba3d052b5b28f3fbe47"
            ],
            "version": "==4.1.0"
        },
        "markupsafe": {
            "hashes": [
                "sha256:a6be69091dac236ea9c6bc7d012beab42010fa914c459791d627dad4910eb665"
            ],
            "version": "==1.0"
        },
        "pycparser": {
            "hashes": [
                "sha256:99a8ca03e29851d96616ad0404b4aad7d9ee16f25c9f9708a11faf2810f7b226"
            ],
            "version": "==2.18"
        },
        "pygments": {
            "hashes": [
                "sha256:78f3f434bcc5d6ee09020f92ba487f95ba50f1e3ef83ae96b9d5ffa1bab25c5d",
                "sha256:dbae1046def0efb574852fab9e90209b23f556367b5a320c0bcb871c77c3e8cc"
            ],
            "version": "==2.2.0"
        },
        "pyopenssl": {
            "hashes": [
                "sha256:aade9985b93eaec51b0c0a2a60d14bb8dcff1ff8e36fe542e3c22812ec07315e",
                "sha256:29630b9064a82e04d8242ea01d7c93d70ec320f5e3ed48e95fcabc6b1d0f6c76"
            ],
            "version": "==17.3.0"
        },
        "python-dateutil": {
            "hashes": [
                "sha256:95511bae634d69bc7329ba55e646499a842bc4ec342ad54a8cdb65645a0aad3c",
                "sha256:891c38b2a02f5bb1be3e4793866c8df49c7d19baabf9c1bad62547e0b4866aca"
            ],
            "version": "==2.6.1"
        },
        "pytz": {
            "hashes": [
                "sha256:c883c2d6670042c7bc1688645cac73dd2b03193d1f7a6847b6154e96890be06d",
                "sha256:03c9962afe00e503e2d96abab4e8998a0f84d4230fa57afe1e0528473698cdd9",
                "sha256:487e7d50710661116325747a9cd1744d3323f8e49748e287bc9e659060ec6bf9",
                "sha256:43f52d4c6a0be301d53ebd867de05e2926c35728b3260157d274635a0a947f1c",
                "sha256:d1d6729c85acea5423671382868627129432fba9a89ecbb248d8d1c7a9f01c67",
                "sha256:54a935085f7bf101f86b2aff75bd9672b435f51c3339db2ff616e66845f2b8f9",
                "sha256:39504670abb5dae77f56f8eb63823937ce727d7cdd0088e6909e6dcac0f89043",
                "sha256:ddc93b6d41cfb81266a27d23a79e13805d4a5521032b512643af8729041a81b4",
                "sha256:f5c056e8f62d45ba8215e5cb8f50dfccb198b4b9fbea8500674f3443e4689589"
            ],
            "version": "==2017.2"
        },
        "pyyaml": {
            "hashes": [
                "sha256:3262c96a1ca437e7e4763e2843746588a965426550f3797a79fca9c6199c431f",
                "sha256:16b20e970597e051997d90dc2cddc713a2876c47e3d92d59ee198700c5427736",
                "sha256:e863072cdf4c72eebf179342c94e6989c67185842d9997960b3e69290b2fa269",
                "sha256:bc6bced57f826ca7cb5125a10b23fd0f2fff3b7c4701d64c439a300ce665fff8",
                "sha256:c01b880ec30b5a6e6aa67b09a2fe3fb30473008c85cd6a67359a1b15ed6d83a4",
                "sha256:827dc04b8fa7d07c44de11fabbc888e627fa8293b695e0f99cb544fdfa1bf0d1",
                "sha256:592766c6303207a20efc445587778322d7f73b161bd994f227adaa341ba212ab",
                "sha256:5f84523c076ad14ff5e6c037fe1c89a7f73a3e04cf0377cb4d017014976433f3",
                "sha256:0c507b7f74b3d2dd4d1322ec8a94794927305ab4cebbe89cc47fe5e81541e6e8",
                "sha256:b4c423ab23291d3945ac61346feeb9a0dc4184999ede5e7c43e1ffb975130ae6",
                "sha256:ca233c64c6e40eaa6c66ef97058cdc80e8d0157a443655baa1b2966e812807ca",
                "sha256:4474f8ea030b5127225b8894d626bb66c01cda098d47a2b0d3429b6700af9fd8",
                "sha256:326420cbb492172dec84b0f65c80942de6cedb5233c413dd824483989c000608",
                "sha256:5ac82e411044fb129bae5cfbeb3ba626acb2af31a8d17d175004b70862a741a7"
            ],
            "version": "==3.12"
        },
        "requests": {
            "hashes": [
                "sha256:6a1b267aa90cac58ac3a765d067950e7dbbf75b1da07e895d1f594193a40a38b",
                "sha256:9c443e7324ba5b85070c4a818ade28bfabedf16ea10206da1132edaa6dda237e"
            ],
            "version": "==2.18.4"
        },
        "six": {
            "hashes": [
                "sha256:832dc0e10feb1aa2c68dcc57dbb658f1c7e65b9b61af69048abc87a2db00a0eb",
                "sha256:70e8a77beed4562e7f14fe23a786b54f6296e34344c23bc42f07b15018ff98e9"
            ],
            "version": "==1.11.0"
        },
        "urllib3": {
            "hashes": [
                "sha256:06330f386d6e4b195fbfc736b297f58c5a892e4440e54d294d7004e3a9bbea1b",
                "sha256:cc44da8e1145637334317feebd728bd869a35285b93cbb4cca2577da7e62db4f"
            ],
            "version": "==1.22"
        },
        "werkzeug": {
            "hashes": [
                "sha256:e8549c143af3ce6559699a01e26fa4174f4c591dbee0a499f3cd4c3781cdec3d",
                "sha256:903a7b87b74635244548b30d30db4c8947fe64c5198f58899ddcd3a13c23bb26"
            ],
            "version": "==0.12.2"
        }
    },
    "develop": {}
}
